
Microsoft Visual Studio Solution File, Format Version 12.00
# Visual Studio Version 17
VisualStudioVersion = 17.5.33530.505
MinimumVisualStudioVersion = 10.0.40219.1
Project("{FAE04EC0-301F-11D3-BF4B-00C04F79EFBC}") = "ToggleRule", "ToggleRule\ToggleRule.csproj", "{768DA9DC-54BD-4577-BF60-1DC06997708C}"
EndProject
Global
	GlobalSection(SolutionConfigurationPlatforms) = preSolution
		Debug|Any CPU = Debug|Any CPU
		Release|Any CPU = Release|Any CPU
	EndGlobalSection
	GlobalSection(ProjectConfigurationPlatforms) = postSolution
		{768DA9DC-54BD-4577-BF60-1DC06997708C}.Debug|Any CPU.ActiveCfg = Debug|Any CPU
		{768DA9DC-54BD-4577-BF60-1DC06997708C}.Debug|Any CPU.Build.0 = Debug|Any CPU
		{768DA9DC-54BD-4577-BF60-1DC06997708C}.Release|Any CPU.ActiveCfg = Release|Any CPU
		{768DA9DC-54BD-4577-BF60-1DC06997708C}.Release|Any CPU.Build.0 = Release|Any CPU
	EndGlobalSection
	GlobalSection(SolutionProperties) = preSolution
		HideSolutionNode = FALSE
	EndGlobalSection
	GlobalSection(ExtensibilityGlobals) = postSolution
		SolutionGuid = {52B09EE5-EFE2-465E-916D-DFD09CEB8668}
	EndGlobalSection
EndGlobal
